
Microsoft Visual Studio Solution File, Format Version 12.00
# Visual Studio Version 17
VisualStudioVersion = 17.6.33815.320
MinimumVisualStudioVersion = 10.0.40219.1
Project("{FAE04EC0-301F-11D3-BF4B-00C04F79EFBC}") = "@busehwid", "@busehwid.csproj", "{87B0805A-A995-4D90-9F3C-5ADE0C25C0CF}"
EndProject
Global
	GlobalSection(SolutionConfigurationPlatforms) = preSolution
		Debug|Any CPU = Debug|Any CPU
		Release|Any CPU = Release|Any CPU
	EndGlobalSection
	GlobalSection(ProjectConfigurationPlatforms) = postSolution
		{87B0805A-A995-4D90-9F3C-5ADE0C25C0CF}.Debug|Any CPU.ActiveCfg = Debug|Any CPU
		{87B0805A-A995-4D90-9F3C-5ADE0C25C0CF}.Debug|Any CPU.Build.0 = Debug|Any CPU
		{87B0805A-A995-4D90-9F3C-5ADE0C25C0CF}.Release|Any CPU.ActiveCfg = Release|Any CPU
		{87B0805A-A995-4D90-9F3C-5ADE0C25C0CF}.Release|Any CPU.Build.0 = Release|Any CPU
	EndGlobalSection
	GlobalSection(SolutionProperties) = preSolution
		HideSolutionNode = FALSE
	EndGlobalSection
	GlobalSection(ExtensibilityGlobals) = postSolution
		SolutionGuid = {590FB646-A618-4405-B181-AFEAC39B6501}
	EndGlobalSection
EndGlobal
